{
  "version": "1.0.0",
  "lockfileVersion": 2,
  "workspaces": {
    "": {
      "name": "craft",
      "devDependencies": {
        "@stacksjs/buddy": "0.72.56",
        "@stacksjs/bumpx": "^0.2.10",
        "@stacksjs/bunpress": "^0.2.13",
        "@stacksjs/env": "^0.72.50",
        "better-dx": "^0.2.15"
      },
      "system": {
        "bun.sh": "1.3.14",
        "ziglang.org": "0.17.0-dev.1963_e00c6c439"
      }
    },
    "benchmarks": {
      "name": "craft-benchmarks",
      "version": "0.0.87",
      "dependencies": {
        "mitata": "^1.0.10"
      },
      "devDependencies": {
        "@types/bun": "latest"
      }
    },
    "packages/android": {
      "name": "@craft-native/android",
      "version": "0.0.87"
    },
    "packages/create-craft": {
      "name": "create-craft",
      "version": "0.0.87",
      "dependencies": {
        "@stacksjs/clapp": "^0.2.0"
      },
      "devDependencies": {
        "@types/bun": "latest"
      }
    },
    "packages/examples-ts": {
      "name": "craft-examples",
      "version": "0.0.87",
      "dependencies": {
        "craft-native": "workspace:*"
      },
      "devDependencies": {
        "@types/bun": "latest"
      }
    },
    "packages/ios": {
      "name": "@craft-native/ios",
      "version": "0.0.87"
    },
    "packages/react": {
      "name": "@craft-native/react",
      "version": "0.0.87",
      "devDependencies": {
        "@types/react": "^18.2.0",
        "react": "^18.2.0",
        "tsup": "^8.0.0",
        "typescript": "^7.0.2"
      }
    },
    "packages/svelte": {
      "name": "@craft-native/svelte",
      "version": "0.0.87",
      "devDependencies": {
        "svelte": "^4.0.0",
        "tsup": "^8.0.0",
        "typescript": "^7.0.2"
      }
    },
    "packages/ts-maps": {
      "name": "@craft-native/ts-maps",
      "version": "0.0.87",
      "devDependencies": {
        "@types/bun": "^1.2.0",
        "ts-maps": "^0.3.1",
        "very-happy-dom": "^0.1.4"
      }
    },
    "packages/typescript": {
      "name": "craft-native",
      "version": "0.0.87",
      "devDependencies": {
        "@stacksjs/clapp": "^0.2.0",
        "@types/bun": "^1.2.0",
        "@types/node": "^22.0.0",
        "better-dx": "^0.2.7"
      }
    },
    "packages/vue": {
      "name": "@craft-native/vue",
      "version": "0.0.87",
      "devDependencies": {
        "tsup": "^8.0.0",
        "typescript": "^7.0.2",
        "vue": "^3.3.0"
      }
    }
  },
  "packages": {
    "@stacksjs/buddy@0.72.56": {
      "name": "@stacksjs/buddy",
      "version": "0.72.56",
      "source": "npm",
      "resolved": "https://registry.npmjs.org/@stacksjs/buddy/-/buddy-0.72.56.tgz",
      "integrity": "sha512-MXz8TQdyTuVmmVwN05MXr+Hf/Wjmq6+tu52PVwIxaT+7qaWkpgxV4FU5sLdz06ix5E7Dr7e3g9BGwZ3rPONpdA==",
      "dependencies": {
        "@stacksjs/actions": "^0.72.56",
        "@stacksjs/ai": "^0.72.56",
        "@stacksjs/alias": "^0.72.56",
        "@stacksjs/analytics": "^0.72.56",
        "@stacksjs/arrays": "^0.72.56",
        "@stacksjs/auth": "^0.72.56",
        "@stacksjs/browser-extension": "^0.72.56",
        "@stacksjs/build": "^0.72.56",
        "@stacksjs/cache": "^0.72.56",
        "@stacksjs/chat": "^0.72.56",
        "@stacksjs/clapp": "^0.2.12",
        "@stacksjs/cli": "^0.72.56",
        "@stacksjs/cloud": "^0.72.56",
        "@stacksjs/cms": "^0.72.56",
        "@stacksjs/collections": "^0.72.56",
        "@stacksjs/config": "^0.72.56",
        "@stacksjs/database": "^0.72.56",
        "@stacksjs/desktop-build": "^0.72.56",
        "@stacksjs/dns": "^0.72.56",
        "@stacksjs/dnsx": "^0.2.3",
        "@stacksjs/email": "^0.72.56",
        "@stacksjs/enums": "^0.72.56",
        "@stacksjs/env": "^0.72.56",
        "@stacksjs/error-handling": "^0.72.56",
        "@stacksjs/events": "^0.72.56",
        "@stacksjs/git": "^0.72.56",
        "@stacksjs/gitit": "^0.2.5",
        "@stacksjs/health": "^0.72.56",
        "@stacksjs/httx": "^0.1.10",
        "@stacksjs/image": "^0.72.56",
        "@stacksjs/lint": "^0.72.56",
        "@stacksjs/logging": "^0.72.56",
        "@stacksjs/notifications": "^0.72.56",
        "@stacksjs/objects": "^0.72.56",
        "@stacksjs/orm": "^0.72.56",
        "@stacksjs/path": "^0.72.56",
        "@stacksjs/payments": "^0.72.56",
        "@stacksjs/realtime": "^0.72.56",
        "@stacksjs/router": "^0.72.56",
        "@stacksjs/rpx": "^0.11.42",
        "@stacksjs/scheduler": "^0.72.56",
        "@stacksjs/search-engine": "^0.72.56",
        "@stacksjs/security": "^0.72.56",
        "@stacksjs/server": "^0.72.56",
        "@stacksjs/sites": "^0.72.56",
        "@stacksjs/skills": "^0.72.56",
        "@stacksjs/storage": "^0.72.56",
        "@stacksjs/strings": "^0.72.56",
        "@stacksjs/testing": "^0.72.56",
        "@stacksjs/tinker": "^0.72.56",
        "@stacksjs/ts-cloud": "^0.11.4",
        "@stacksjs/tunnel": "^0.72.56",
        "@stacksjs/types": "^0.72.56",
        "@stacksjs/ui": "^0.72.56",
        "@stacksjs/utils": "^0.72.56",
        "@stacksjs/validation": "^0.72.56",
        "ajv": "^8.20.0",
        "ajv-formats": "^3.0.1",
        "ts-pantry": "^0.11.35"
      },
      "bin": {
        "bud": "dist/cli.js",
        "buddy": "dist/cli.js",
        "stacks": "dist/cli.js"
      }
    },
    "@stacksjs/bumpx@0.2.10": {
      "name": "@stacksjs/bumpx",
      "version": "0.2.10",
      "source": "npm",
      "resolved": "https://registry.npmjs.org/@stacksjs/bumpx/-/bumpx-0.2.10.tgz",
      "integrity": "sha512-XSsypcIZdCg8Qn0LwDsCtZMq8YKYXPha36DT3C1LlfjNoZzmSce/RLw/mYnMj2Lm597KOtAjTmTquBqXuIXcMA==",
      "dependencies": {
        "@stacksjs/clapp": "^0.2.0",
        "@stacksjs/logsmith": "^0.2.1",
        "bunfig": "^0.15.6"
      },
      "bin": {
        "bumpx": "./dist/bin/cli.js"
      }
    },
    "@stacksjs/bunpress@0.2.14": {
      "name": "@stacksjs/bunpress",
      "version": "0.2.14",
      "source": "npm",
      "resolved": "https://registry.npmjs.org/@stacksjs/bunpress/-/bunpress-0.2.14.tgz",
      "integrity": "sha512-o0Bf8b7kXKSyH5xXrVrdA46gPzMVssLBnbP82t8WzF17gIveFLNW+CzEZe3n9o+Ui2wiy2+6IF5SwGfrdTtWcQ==",
      "dependencies": {
        "@cwcss/crosswind": "^0.2.16",
        "@stacksjs/clapp": "^0.2.0",
        "@stacksjs/stx": "^0.2.171",
        "@stacksjs/ts-i18n": "^0.1.11",
        "bunfig": "^0.15.17",
        "ts-syntax-highlighter": "^0.2.14"
      },
      "peerDependencies": {
        "@stacksjs/ts-cloud": "^0.7.51"
      },
      "bin": {
        "bunpress": "./dist/bin/cli.js"
      },
      "optionalPeers": [
        "@stacksjs/ts-cloud"
      ]
    },
    "@stacksjs/clapp@0.2.12": {
      "name": "@stacksjs/clapp",
      "version": "0.2.12",
      "source": "npm",
      "resolved": "https://registry.npmjs.org/@stacksjs/clapp/-/clapp-0.2.12.tgz",
      "integrity": "sha512-EzCjl9cfKNMe7UPONHSSAffyfFVrbLzcEVx2i6HYLnJkcka5HFf1vPvOMkErCC10WDX+2Z1BOMTdsTXP1MqIbQ=="
    },
    "@stacksjs/env@0.72.103": {
      "name": "@stacksjs/env",
      "version": "0.72.103",
      "source": "npm",
      "resolved": "https://registry.npmjs.org/@stacksjs/env/-/env-0.72.103.tgz",
      "integrity": "sha512-5vd5Gtg810opfvFAun7ylTCocvEt4/C9sRrnYF2mjUBV+xesbBnl3tGNxVIvLOHjzJCVLfDnI8qTyIjuKiu69Q==",
      "dependencies": {
        "@stacksjs/path": "0.72.103"
      }
    },
    "@types/bun@1.3.14": {
      "name": "@types/bun",
      "version": "1.3.14",
      "source": "npm",
      "resolved": "https://registry.npmjs.org/@types/bun/-/bun-1.3.14.tgz",
      "integrity": "sha512-h1hFqFVcvAvD9j9K7ZW7vd82aSA+rTdznZa+5bwvCwqSB1jmmfLcbIWhOLx1/+boy/xmjgCs/OMUL8hRJSmnPw==",
      "dependencies": {
        "bun-types": "1.3.14"
      }
    },
    "@types/node@22.20.1": {
      "name": "@types/node",
      "version": "22.20.1",
      "source": "npm",
      "resolved": "https://registry.npmjs.org/@types/node/-/node-22.20.1.tgz",
      "integrity": "sha512-EANqOCF9QFyra+4pfxUcX9STKJpCLjMbObVzljIJomAWSnuSIEAvyzEU53GaajbXJEgdh0iEcPL+DGvpUd4k1Q==",
      "dependencies": {
        "undici-types": "~6.21.0"
      }
    },
    "@types/react@18.3.31": {
      "name": "@types/react",
      "version": "18.3.31",
      "source": "npm",
      "resolved": "https://registry.npmjs.org/@types/react/-/react-18.3.31.tgz",
      "integrity": "sha512-vfEqpXTvwT91yhmwdfouStN2hSKwTvyRs8qpLfADyrq/kxDw0hZM7Wk9Ug1FELj8hIby+S/+kQCSRFF32nv2Qw==",
      "dependencies": {
        "@types/prop-types": "*",
        "csstype": "^3.2.2"
      }
    },
    "better-dx@0.2.20": {
      "name": "better-dx",
      "version": "0.2.20",
      "source": "npm",
      "resolved": "https://registry.npmjs.org/better-dx/-/better-dx-0.2.20.tgz",
      "integrity": "sha512-zuKbuW9c89gl77tb7UPYTDxEPyws6BJ4lt8VwCVweLPxoRa8X7aCbE+SKgEFHZdNyvqHsJ1WEZ15phv+ZizLjg==",
      "dependencies": {
        "@stacksjs/bumpx": "^0.2.5",
        "@stacksjs/bunpress": "^0.1.4",
        "@stacksjs/clapp": "^0.2.6",
        "@stacksjs/clarity": "^0.3.28",
        "@stacksjs/gitlint": "^0.1.5",
        "@stacksjs/logsmith": "^0.2.1",
        "@types/bun": "^1.3.13",
        "buddy-bot": "^0.9.17",
        "bun-git-hooks": "^0.3.2",
        "bun-plugin-dtsx": "^0.11.1",
        "bunfig": "^0.15.11",
        "pickier": "^0.1.28",
        "ts-error-handling": "^0.1.1",
        "typescript": "^7.0.2"
      }
    },
    "bun.sh@1.3.14": {
      "name": "bun.sh",
      "version": "1.3.14",
      "source": "pantry",
      "resolved": "registry:bun.sh@1.3.14"
    },
    "mitata@1.0.34": {
      "name": "mitata",
      "version": "1.0.34",
      "source": "npm",
      "resolved": "https://registry.npmjs.org/mitata/-/mitata-1.0.34.tgz",
      "integrity": "sha512-Mc3zrtNBKIMeHSCQ0XqRLo1vbdIx1wvFV9c8NJAiyho6AjNfMY8bVhbS12bwciUdd1t4rj8099CH3N3NFahaUA=="
    },
    "react@18.3.1": {
      "name": "react",
      "version": "18.3.1",
      "source": "npm",
      "resolved": "https://registry.npmjs.org/react/-/react-18.3.1.tgz",
      "integrity": "sha512-wS+hAgJShR0KhEvPJArfuPVN1+Hz1t0Y6n5jLrGQbkb4urgPE/0Rve+1kMB1v/oWgHgm4WIcV+i7F2pTVj+2iQ==",
      "dependencies": {
        "loose-envify": "^1.1.0"
      }
    },
    "svelte@4.2.20": {
      "name": "svelte",
      "version": "4.2.20",
      "source": "npm",
      "resolved": "https://registry.npmjs.org/svelte/-/svelte-4.2.20.tgz",
      "integrity": "sha512-eeEgGc2DtiUil5ANdtd8vPwt9AgaMdnuUFnPft9F5oMvU/FHu5IHFic+p1dR/UOB7XU2mX2yHW+NcTch4DCh5Q==",
      "dependencies": {
        "@ampproject/remapping": "^2.2.1",
        "@jridgewell/sourcemap-codec": "^1.4.15",
        "@jridgewell/trace-mapping": "^0.3.18",
        "@types/estree": "^1.0.1",
        "acorn": "^8.9.0",
        "aria-query": "^5.3.0",
        "axobject-query": "^4.0.0",
        "code-red": "^1.0.3",
        "css-tree": "^2.3.1",
        "estree-walker": "^3.0.3",
        "is-reference": "^3.0.1",
        "locate-character": "^3.0.0",
        "magic-string": "^0.30.4",
        "periscopic": "^3.1.0"
      }
    },
    "ts-maps@0.3.2": {
      "name": "ts-maps",
      "version": "0.3.2",
      "source": "npm",
      "resolved": "https://registry.npmjs.org/ts-maps/-/ts-maps-0.3.2.tgz",
      "integrity": "sha512-kNjeSu1nIE1DAEZ7MPFWMcjV7pgGvM6JJk+vyJGsWyo+Zu41OoznMwAWkQoE6Iy5Uh5+7nm5zx5DjA+xwfYMwA=="
    },
    "tsup@8.5.1": {
      "name": "tsup",
      "version": "8.5.1",
      "source": "npm",
      "resolved": "https://registry.npmjs.org/tsup/-/tsup-8.5.1.tgz",
      "integrity": "sha512-xtgkqwdhpKWr3tKPmCkvYmS9xnQK3m3XgxZHwSUjvfTjp7YfXe5tT3GgWi0F2N+ZSMsOeWeZFh7ZZFg5iPhing==",
      "dependencies": {
        "bundle-require": "^5.1.0",
        "cac": "^6.7.14",
        "chokidar": "^4.0.3",
        "consola": "^3.4.0",
        "debug": "^4.4.0",
        "esbuild": "^0.27.0",
        "fix-dts-default-cjs-exports": "^1.0.0",
        "joycon": "^3.1.1",
        "picocolors": "^1.1.1",
        "postcss-load-config": "^6.0.1",
        "resolve-from": "^5.0.0",
        "rollup": "^4.34.8",
        "source-map": "^0.7.6",
        "sucrase": "^3.35.0",
        "tinyexec": "^0.3.2",
        "tinyglobby": "^0.2.11",
        "tree-kill": "^1.2.2"
      },
      "peerDependencies": {
        "@microsoft/api-extractor": "^7.36.0",
        "@swc/core": "^1",
        "postcss": "^8.4.12",
        "typescript": ">=4.5.0"
      },
      "bin": {
        "tsup": "dist/cli-default.js",
        "tsup-node": "dist/cli-node.js"
      },
      "optionalPeers": [
        "@microsoft/api-extractor",
        "@swc/core",
        "postcss",
        "typescript"
      ]
    },
    "typescript@7.1.0-dev.20260708.3": {
      "name": "typescript",
      "version": "7.1.0-dev.20260708.3",
      "source": "npm",
      "resolved": "https://registry.npmjs.org/typescript/-/typescript-7.1.0-dev.20260708.3.tgz",
      "integrity": "sha512-XZJ/eynNOqyE2tz8kkCZO8x7CmJBp40c1ljuBgMotrIFfjK4uH0Br2e94FaXr29q7CvwpaL+CNCW4DynxuNCeA==",
      "bin": {
        "tsc": "./bin/tsc"
      }
    },
    "very-happy-dom@0.1.10": {
      "name": "very-happy-dom",
      "version": "0.1.10",
      "source": "npm",
      "resolved": "https://registry.npmjs.org/very-happy-dom/-/very-happy-dom-0.1.10.tgz",
      "integrity": "sha512-MOo3hmxPPMVXW9yrqGtu43FOfMMQ7e6IgNSa10KkCShL0jmoIQi1ISFiyIIVJoCVE9UdVskO++hwJAKWWFoy5w=="
    },
    "vue@3.5.40": {
      "name": "vue",
      "version": "3.5.40",
      "source": "npm",
      "resolved": "https://registry.npmjs.org/vue/-/vue-3.5.40.tgz",
      "integrity": "sha512-+8PJ4SJXdn/cHGImF4CKdxlWHIN5Dkt7DoufRREM6h6uVCx2m7QxgcEQmmzyOK8A9mcafg7sFbJFYsdFVubTig==",
      "dependencies": {
        "@vue/compiler-dom": "3.5.40",
        "@vue/compiler-sfc": "3.5.40",
        "@vue/runtime-dom": "3.5.40",
        "@vue/server-renderer": "3.5.40",
        "@vue/shared": "3.5.40"
      },
      "peerDependencies": {
        "typescript": "*"
      },
      "optionalPeers": [
        "typescript"
      ]
    },
    "ziglang.org@0.17.0-dev.1963_e00c6c439": {
      "name": "ziglang.org",
      "version": "0.17.0-dev.1963_e00c6c439",
      "source": "pantry",
      "resolved": "registry:ziglang.org@0.17.0-dev.1963_e00c6c439"
    }
  }
}
